# This file is automatically @generated by Cargo.
# It is not intended for manual editing.
version = 3

[[package]]
name = "cs2-demo-playback-fix"
version = "0.1.1"
dependencies = [
 "snap",
]

[[package]]
name = "snap"
version = "1.1.2"
source = "registry+https://github.com/rust-lang/crates.io-index"
checksum = "199905e6153d6405f9728fe44daace35f8f837bbf830bb6e85fbd5828709a886"
